
Microsoft Visual Studio Solution File, Format Version 12.00
# Visual Studio Version 17
VisualStudioVersion = 17.9.34728.123
MinimumVisualStudioVersion = 10.0.40219.1
Project("{FAE04EC0-301F-11D3-BF4B-00C04F79EFBC}") = "WebSocketsServicios.Api", "WebSocketsServicios.Api\WebSocketsServicios.Api.csproj", "{59B386E1-8964-4BC6-9559-8A51B2EA4AA6}"
EndProject
Global
	GlobalSection(SolutionConfigurationPlatforms) = preSolution
		Debug|Any CPU = Debug|Any CPU
		Release|Any CPU = Release|Any CPU
	EndGlobalSection
	GlobalSection(ProjectConfigurationPlatforms) = postSolution
		{59B386E1-8964-4BC6-9559-8A51B2EA4AA6}.Debug|Any CPU.ActiveCfg = Debug|Any CPU
		{59B386E1-8964-4BC6-9559-8A51B2EA4AA6}.Debug|Any CPU.Build.0 = Debug|Any CPU
		{59B386E1-8964-4BC6-9559-8A51B2EA4AA6}.Release|Any CPU.ActiveCfg = Release|Any CPU
		{59B386E1-8964-4BC6-9559-8A51B2EA4AA6}.Release|Any CPU.Build.0 = Release|Any CPU
	EndGlobalSection
	GlobalSection(SolutionProperties) = preSolution
		HideSolutionNode = FALSE
	EndGlobalSection
	GlobalSection(ExtensibilityGlobals) = postSolution
		SolutionGuid = {6AA390ED-892C-4BED-9797-6CB94A96B4DA}
	EndGlobalSection
EndGlobal
